// !$*UTF8*$!
{
	archiveVersion = 1;
	classes = {
	};
	objectVersion = 56;
	objects = {

/* Begin PBXBuildFile section */
		542AFD04295A4F7C004B53F9 /* SquareZStack.swift in Sources */ = {isa = PBXBuildFile; fileRef = 542AFD03295A4F7C004B53F9 /* SquareZStack.swift */; };
		542AFD06295A8F59004B53F9 /* ProgressBow.swift in Sources */ = {isa = PBXBuildFile; fileRef = 542AFD05295A8F59004B53F9 /* ProgressBow.swift */; };
		542AFD08295BAC6F004B53F9 /* ProgressText.swift in Sources */ = {isa = PBXBuildFile; fileRef = 542AFD07295BAC6F004B53F9 /* ProgressText.swift */; };
		542AFD0A295C87EA004B53F9 /* ButtonStyles.swift in Sources */ = {isa = PBXBuildFile; fileRef = 542AFD09295C87EA004B53F9 /* ButtonStyles.swift */; };
		542AFD0E295E8349004B53F9 /* ViewUtil.swift in Sources */ = {isa = PBXBuildFile; fileRef = 542AFD0D295E8349004B53F9 /* ViewUtil.swift */; };
		542AFD132961056F004B53F9 /* InitializeCloudKitSchema-Info.plist in Resources */ = {isa = PBXBuildFile; fileRef = 542AFD122961056F004B53F9 /* InitializeCloudKitSchema-Info.plist */; };
		542AFD16296106E6004B53F9 /* AppColor.swift in Sources */ = {isa = PBXBuildFile; fileRef = 546754722953350600EA7F5E /* AppColor.swift */; };
		542AFD1929611B72004B53F9 /* InfoPlist.strings in Resources */ = {isa = PBXBuildFile; fileRef = 542AFD1729611B72004B53F9 /* InfoPlist.strings */; };
		542AFD1C29611B72004B53F9 /* Localizable.strings in Resources */ = {isa = PBXBuildFile; fileRef = 542AFD1A29611B72004B53F9 /* Localizable.strings */; };
		5460DF4329549AEB00D00E0E /* Persistence+History.swift in Sources */ = {isa = PBXBuildFile; fileRef = 5460DF4229549AEB00D00E0E /* Persistence+History.swift */; };
		5460DF452954A1C400D00E0E /* CoreDataHelper.swift in Sources */ = {isa = PBXBuildFile; fileRef = 5460DF442954A1C400D00E0E /* CoreDataHelper.swift */; };
		5460DF602954CF4B00D00E0E /* CoreDataHelper.swift in Sources */ = {isa = PBXBuildFile; fileRef = 5460DF442954A1C400D00E0E /* CoreDataHelper.swift */; };
		5460DF612954CF4B00D00E0E /* Persistence+History.swift in Sources */ = {isa = PBXBuildFile; fileRef = 5460DF4229549AEB00D00E0E /* Persistence+History.swift */; };
		5460DF632954CF4B00D00E0E /* A_PomodoroApp.swift in Sources */ = {isa = PBXBuildFile; fileRef = 5467543B2953343800EA7F5E /* A_PomodoroApp.swift */; };
		5460DF642954CF4B00D00E0E /* ModelData.swift in Sources */ = {isa = PBXBuildFile; fileRef = 546754742953350700EA7F5E /* ModelData.swift */; };
		5460DF672954CF4B00D00E0E /* Persistence.swift in Sources */ = {isa = PBXBuildFile; fileRef = 5467543D2953343800EA7F5E /* Persistence.swift */; };
		5460DF692954CF4B00D00E0E /* A-Pomodoro.xcdatamodeld in Sources */ = {isa = PBXBuildFile; fileRef = 5467543F2953343800EA7F5E /* A-Pomodoro.xcdatamodeld */; };
		5460DF6C2954CF4B00D00E0E /* Preview Assets.xcassets in Resources */ = {isa = PBXBuildFile; fileRef = 546754482953343A00EA7F5E /* Preview Assets.xcassets */; };
		5460DF6D2954CF4B00D00E0E /* Assets.xcassets in Resources */ = {isa = PBXBuildFile; fileRef = 546754442953343A00EA7F5E /* Assets.xcassets */; };
		5460DF7429552C2C00D00E0E /* AppDelegate.swift in Sources */ = {isa = PBXBuildFile; fileRef = 5460DF7329552C2C00D00E0E /* AppDelegate.swift */; };
		5460DF752955A34600D00E0E /* AppDelegate.swift in Sources */ = {isa = PBXBuildFile; fileRef = 5460DF7329552C2C00D00E0E /* AppDelegate.swift */; };
		5460DF772955A89100D00E0E /* Persistence+Entities.swift in Sources */ = {isa = PBXBuildFile; fileRef = 5460DF762955A89100D00E0E /* Persistence+Entities.swift */; };
		5460DF7929566E3B00D00E0E /* LatestObjectBinder.swift in Sources */ = {isa = PBXBuildFile; fileRef = 5460DF7829566E3B00D00E0E /* LatestObjectBinder.swift */; };
		5460DF7B2957032300D00E0E /* PomodoroEntry+Util.swift in Sources */ = {isa = PBXBuildFile; fileRef = 5460DF7A2957032300D00E0E /* PomodoroEntry+Util.swift */; };
		5467543C2953343800EA7F5E /* A_PomodoroApp.swift in Sources */ = {isa = PBXBuildFile; fileRef = 5467543B2953343800EA7F5E /* A_PomodoroApp.swift */; };
		5467543E2953343800EA7F5E /* Persistence.swift in Sources */ = {isa = PBXBuildFile; fileRef = 5467543D2953343800EA7F5E /* Persistence.swift */; };
		546754412953343800EA7F5E /* A-Pomodoro.xcdatamodeld in Sources */ = {isa = PBXBuildFile; fileRef = 5467543F2953343800EA7F5E /* A-Pomodoro.xcdatamodeld */; };
		546754452953343A00EA7F5E /* Assets.xcassets in Resources */ = {isa = PBXBuildFile; fileRef = 546754442953343A00EA7F5E /* Assets.xcassets */; };
		546754492953343A00EA7F5E /* Preview Assets.xcassets in Resources */ = {isa = PBXBuildFile; fileRef = 546754482953343A00EA7F5E /* Preview Assets.xcassets */; };
		546754532953343A00EA7F5E /* A_PomodoroTests.swift in Sources */ = {isa = PBXBuildFile; fileRef = 546754522953343A00EA7F5E /* A_PomodoroTests.swift */; };
		5467545D2953343A00EA7F5E /* A_PomodoroUITests.swift in Sources */ = {isa = PBXBuildFile; fileRef = 5467545C2953343A00EA7F5E /* A_PomodoroUITests.swift */; };
		5467545F2953343A00EA7F5E /* A_PomodoroUITestsLaunchTests.swift in Sources */ = {isa = PBXBuildFile; fileRef = 5467545E2953343A00EA7F5E /* A_PomodoroUITestsLaunchTests.swift */; };
		54675470295334FB00EA7F5E /* TimerView.swift in Sources */ = {isa = PBXBuildFile; fileRef = 5467546E295334FB00EA7F5E /* TimerView.swift */; };
		54675471295334FB00EA7F5E /* ContentView.swift in Sources */ = {isa = PBXBuildFile; fileRef = 5467546F295334FB00EA7F5E /* ContentView.swift */; };
		546754752953350700EA7F5E /* AppColor.swift in Sources */ = {isa = PBXBuildFile; fileRef = 546754722953350600EA7F5E /* AppColor.swift */; };
		546754762953350700EA7F5E /* TimerType.swift in Sources */ = {isa = PBXBuildFile; fileRef = 546754732953350600EA7F5E /* TimerType.swift */; };
		546754772953350700EA7F5E /* ModelData.swift in Sources */ = {isa = PBXBuildFile; fileRef = 546754742953350700EA7F5E /* ModelData.swift */; };
		5467FDFF299CFE1000B3E51D /* SheetBottomBar.swift in Sources */ = {isa = PBXBuildFile; fileRef = 5467FDFE299CFE1000B3E51D /* SheetBottomBar.swift */; };
		547A8DEA299804E70076AD8C /* ReciprocateView.swift in Sources */ = {isa = PBXBuildFile; fileRef = 547A8DE9299804E70076AD8C /* ReciprocateView.swift */; };
		547A8DEC299905FC0076AD8C /* CancellationToken.swift in Sources */ = {isa = PBXBuildFile; fileRef = 547A8DEB299905FC0076AD8C /* CancellationToken.swift */; };
		547A8DEF299B6AC30076AD8C /* SettingsView.swift in Sources */ = {isa = PBXBuildFile; fileRef = 547A8DEE299B6AC30076AD8C /* SettingsView.swift */; };
		547A8DF2299B874A0076AD8C /* Font+App.swift in Sources */ = {isa = PBXBuildFile; fileRef = 547A8DF1299B874A0076AD8C /* Font+App.swift */; };
		547A8DF629A0C7DF0076AD8C /* ALog.swift in Sources */ = {isa = PBXBuildFile; fileRef = 54AE15A029764B3C00BBFDA2 /* ALog.swift */; };
		547A8DF729A0C7F20076AD8C /* MiscUtil.swift in Sources */ = {isa = PBXBuildFile; fileRef = 547F632E2961516C008A83A5 /* MiscUtil.swift */; };
		547A8DF829A0C8450076AD8C /* TimeUtil.swift in Sources */ = {isa = PBXBuildFile; fileRef = 547F6334296820AF008A83A5 /* TimeUtil.swift */; };
		547F632B296148F3008A83A5 /* Sparkle.swift in Sources */ = {isa = PBXBuildFile; fileRef = 547F632A296148F3008A83A5 /* Sparkle.swift */; };
		547F632D29614980008A83A5 /* SparkleSystem.swift in Sources */ = {isa = PBXBuildFile; fileRef = 547F632C29614980008A83A5 /* SparkleSystem.swift */; };
		547F632F2961516C008A83A5 /* MiscUtil.swift in Sources */ = {isa = PBXBuildFile; fileRef = 547F632E2961516C008A83A5 /* MiscUtil.swift */; };
		547F63312964DEEA008A83A5 /* HistoryView.swift in Sources */ = {isa = PBXBuildFile; fileRef = 547F63302964DEEA008A83A5 /* HistoryView.swift */; };
		547F6335296820AF008A83A5 /* TimeUtil.swift in Sources */ = {isa = PBXBuildFile; fileRef = 547F6334296820AF008A83A5 /* TimeUtil.swift */; };
		549B928429B155AF0021E28A /* UserDefaults+AppGroup.swift in Sources */ = {isa = PBXBuildFile; fileRef = 549B928329B155AF0021E28A /* UserDefaults+AppGroup.swift */; };
		549B928529B155B00021E28A /* UserDefaults+AppGroup.swift in Sources */ = {isa = PBXBuildFile; fileRef = 549B928329B155AF0021E28A /* UserDefaults+AppGroup.swift */; };
		549B928629B1D9020021E28A /* MiscUtil.swift in Sources */ = {isa = PBXBuildFile; fileRef = 547F632E2961516C008A83A5 /* MiscUtil.swift */; };
		54A6998A29AEBF15007898C8 /* WidgetKit.framework in Frameworks */ = {isa = PBXBuildFile; fileRef = 54A6998929AEBF15007898C8 /* WidgetKit.framework */; };
		54A6998C29AEBF15007898C8 /* SwiftUI.framework in Frameworks */ = {isa = PBXBuildFile; fileRef = 54A6998B29AEBF15007898C8 /* SwiftUI.framework */; };
		54A6998F29AEBF16007898C8 /* RemainingWidgetBundle.swift in Sources */ = {isa = PBXBuildFile; fileRef = 54A6998E29AEBF16007898C8 /* RemainingWidgetBundle.swift */; };
		54A6999129AEBF16007898C8 /* RemainingWidgetLiveActivity.swift in Sources */ = {isa = PBXBuildFile; fileRef = 54A6999029AEBF16007898C8 /* RemainingWidgetLiveActivity.swift */; };
		54A6999329AEBF16007898C8 /* RemainingWidget.swift in Sources */ = {isa = PBXBuildFile; fileRef = 54A6999229AEBF16007898C8 /* RemainingWidget.swift */; };
		54A6999529AEBF17007898C8 /* Assets.xcassets in Resources */ = {isa = PBXBuildFile; fileRef = 54A6999429AEBF17007898C8 /* Assets.xcassets */; };
		54A6999929AEBF17007898C8 /* RemainingWidgetExtension.appex in Embed Foundation Extensions */ = {isa = PBXBuildFile; fileRef = 54A6998729AEBF15007898C8 /* RemainingWidgetExtension.appex */; settings = {ATTRIBUTES = (RemoveHeadersOnCopy, ); }; };
		54AE1583296AD4CE00BBFDA2 /* HistoryModel.swift in Sources */ = {isa = PBXBuildFile; fileRef = 54AE1582296AD4CE00BBFDA2 /* HistoryModel.swift */; };
		54AE1585296B631A00BBFDA2 /* HistoryHeader.swift in Sources */ = {isa = PBXBuildFile; fileRef = 54AE1584296B631A00BBFDA2 /* HistoryHeader.swift */; };
		54AE1588296B813F00BBFDA2 /* Localizable.stringsdict in Resources */ = {isa = PBXBuildFile; fileRef = 54AE158A296B813F00BBFDA2 /* Localizable.stringsdict */; };
		54AE158E296F7E3F00BBFDA2 /* Persistence+Share.swift in Sources */ = {isa = PBXBuildFile; fileRef = 54AE158D296F7E3F00BBFDA2 /* Persistence+Share.swift */; };
		54AE1590297374E800BBFDA2 /* Persistence+Defaults.swift in Sources */ = {isa = PBXBuildFile; fileRef = 54AE158F297374E700BBFDA2 /* Persistence+Defaults.swift */; };
		54AE15952974CF5700BBFDA2 /* History+Util.swift in Sources */ = {isa = PBXBuildFile; fileRef = 54AE15942974CF5700BBFDA2 /* History+Util.swift */; };
		54AE15972974D2AF00BBFDA2 /* Category+Util.swift in Sources */ = {isa = PBXBuildFile; fileRef = 54AE15962974D2AF00BBFDA2 /* Category+Util.swift */; };
		54AE15992974D36100BBFDA2 /* Task+Util.swift in Sources */ = {isa = PBXBuildFile; fileRef = 54AE15982974D36100BBFDA2 /* Task+Util.swift */; };
		54AE159E2976487D00BBFDA2 /* NSManagedObject+Util.swift in Sources */ = {isa = PBXBuildFile; fileRef = 54AE159D2976487D00BBFDA2 /* NSManagedObject+Util.swift */; };
		54AE15A129764B3C00BBFDA2 /* ALog.swift in Sources */ = {isa = PBXBuildFile; fileRef = 54AE15A029764B3C00BBFDA2 /* ALog.swift */; };
		54AE15A3297C435100BBFDA2 /* Persistence+Util.swift in Sources */ = {isa = PBXBuildFile; fileRef = 54AE15A2297C435000BBFDA2 /* Persistence+Util.swift */; };
/* End PBXBuildFile section */

/* Begin PBXContainerItemProxy section */
		5467544F2953343A00EA7F5E /* PBXContainerItemProxy */ = {
			isa = PBXContainerItemProxy;
			containerPortal = 546754302953343800EA7F5E /* Project object */;
			proxyType = 1;
			remoteGlobalIDString = 546754372953343800EA7F5E;
			remoteInfo = "A-Pomodoro";
		};
		546754592953343A00EA7F5E /* PBXContainerItemProxy */ = {
			isa = PBXContainerItemProxy;
			containerPortal = 546754302953343800EA7F5E /* Project object */;
			proxyType = 1;
			remoteGlobalIDString = 546754372953343800EA7F5E;
			remoteInfo = "A-Pomodoro";
		};
		54A6999729AEBF17007898C8 /* PBXContainerItemProxy */ = {
			isa = PBXContainerItemProxy;
			containerPortal = 546754302953343800EA7F5E /* Project object */;
			proxyType = 1;
			remoteGlobalIDString = 54A6998629AEBF15007898C8;
			remoteInfo = RemainingWidgetExtension;
		};
/* End PBXContainerItemProxy section */

/* Begin PBXCopyFilesBuildPhase section */
		54A6999A29AEBF17007898C8 /* Embed Foundation Extensions */ = {
			isa = PBXCopyFilesBuildPhase;
			buildActionMask = 2147483647;
			dstPath = "";
			dstSubfolderSpec = 13;
			files = (
				54A6999929AEBF17007898C8 /* RemainingWidgetExtension.appex in Embed Foundation Extensions */,
			);
			name = "Embed Foundation Extensions";
			runOnlyForDeploymentPostprocessing = 0;
		};
/* End PBXCopyFilesBuildPhase section */

/* Begin PBXFileReference section */
		542AFD03295A4F7C004B53F9 /* SquareZStack.swift */ = {isa = PBXFileReference; lastKnownFileType = sourcecode.swift; path = SquareZStack.swift; sourceTree = "<group>"; };
		542AFD05295A8F59004B53F9 /* ProgressBow.swift */ = {isa = PBXFileReference; lastKnownFileType = sourcecode.swift; path = ProgressBow.swift; sourceTree = "<group>"; };
		542AFD07295BAC6F004B53F9 /* ProgressText.swift */ = {isa = PBXFileReference; lastKnownFileType = sourcecode.swift; path = ProgressText.swift; sourceTree = "<group>"; };
		542AFD09295C87EA004B53F9 /* ButtonStyles.swift */ = {isa = PBXFileReference; lastKnownFileType = sourcecode.swift; path = ButtonStyles.swift; sourceTree = "<group>"; };
		542AFD0D295E8349004B53F9 /* ViewUtil.swift */ = {isa = PBXFileReference; lastKnownFileType = sourcecode.swift; path = ViewUtil.swift; sourceTree = "<group>"; };
		542AFD122961056F004B53F9 /* InitializeCloudKitSchema-Info.plist */ = {isa = PBXFileReference; lastKnownFileType = text.plist.xml; path = "InitializeCloudKitSchema-Info.plist"; sourceTree = "<group>"; };
		542AFD1829611B72004B53F9 /* nb */ = {isa = PBXFileReference; lastKnownFileType = text.plist.strings; name = nb; path = nb.lproj/InfoPlist.strings; sourceTree = "<group>"; };
		542AFD1B29611B72004B53F9 /* nb */ = {isa = PBXFileReference; lastKnownFileType = text.plist.strings; name = nb; path = nb.lproj/Localizable.strings; sourceTree = "<group>"; };
		542AFD1D29611C75004B53F9 /* en */ = {isa = PBXFileReference; lastKnownFileType = text.plist.strings; name = en; path = en.lproj/InfoPlist.strings; sourceTree = "<group>"; };
		5460DF4229549AEB00D00E0E /* Persistence+History.swift */ = {isa = PBXFileReference; lastKnownFileType = sourcecode.swift; path = "Persistence+History.swift"; sourceTree = "<group>"; };
		5460DF442954A1C400D00E0E /* CoreDataHelper.swift */ = {isa = PBXFileReference; lastKnownFileType = sourcecode.swift; path = CoreDataHelper.swift; sourceTree = "<group>"; };
		5460DF712954CF4B00D00E0E /* InitializeCloudKitSchema.app */ = {isa = PBXFileReference; explicitFileType = wrapper.application; includeInIndex = 0; path = InitializeCloudKitSchema.app; sourceTree = BUILT_PRODUCTS_DIR; };
		5460DF7329552C2C00D00E0E /* AppDelegate.swift */ = {isa = PBXFileReference; lastKnownFileType = sourcecode.swift; path = AppDelegate.swift; sourceTree = "<group>"; };
		5460DF762955A89100D00E0E /* Persistence+Entities.swift */ = {isa = PBXFileReference; lastKnownFileType = sourcecode.swift; path = "Persistence+Entities.swift"; sourceTree = "<group>"; };
		5460DF7829566E3B00D00E0E /* LatestObjectBinder.swift */ = {isa = PBXFileReference; lastKnownFileType = sourcecode.swift; path = LatestObjectBinder.swift; sourceTree = "<group>"; };
		5460DF7A2957032300D00E0E /* PomodoroEntry+Util.swift */ = {isa = PBXFileReference; lastKnownFileType = sourcecode.swift; path = "PomodoroEntry+Util.swift"; sourceTree = "<group>"; };
		546754382953343800EA7F5E /* A-Pomodoro.app */ = {isa = PBXFileReference; explicitFileType = wrapper.application; includeInIndex = 0; path = "A-Pomodoro.app"; sourceTree = BUILT_PRODUCTS_DIR; };
		5467543B2953343800EA7F5E /* A_PomodoroApp.swift */ = {isa = PBXFileReference; lastKnownFileType = sourcecode.swift; path = A_PomodoroApp.swift; sourceTree = "<group>"; };
		5467543D2953343800EA7F5E /* Persistence.swift */ = {isa = PBXFileReference; lastKnownFileType = sourcecode.swift; path = Persistence.swift; sourceTree = "<group>"; };
		546754402953343800EA7F5E /* A_Pomodoro.xcdatamodel */ = {isa = PBXFileReference; lastKnownFileType = wrapper.xcdatamodel; path = A_Pomodoro.xcdatamodel; sourceTree = "<group>"; };
		546754442953343A00EA7F5E /* Assets.xcassets */ = {isa = PBXFileReference; lastKnownFileType = folder.assetcatalog; path = Assets.xcassets; sourceTree = "<group>"; };
		546754462953343A00EA7F5E /* A_Pomodoro.entitlements */ = {isa = PBXFileReference; lastKnownFileType = text.plist.entitlements; path = A_Pomodoro.entitlements; sourceTree = "<group>"; };
		546754482953343A00EA7F5E /* Preview Assets.xcassets */ = {isa = PBXFileReference; lastKnownFileType = folder.assetcatalog; path = "Preview Assets.xcassets"; sourceTree = "<group>"; };
		5467544E2953343A00EA7F5E /* A-PomodoroTests.xctest */ = {isa = PBXFileReference; explicitFileType = wrapper.cfbundle; includeInIndex = 0; path = "A-PomodoroTests.xctest"; sourceTree = BUILT_PRODUCTS_DIR; };
		546754522953343A00EA7F5E /* A_PomodoroTests.swift */ = {isa = PBXFileReference; lastKnownFileType = sourcecode.swift; path = A_PomodoroTests.swift; sourceTree = "<group>"; };
		546754582953343A00EA7F5E /* A-PomodoroUITests.xctest */ = {isa = PBXFileReference; explicitFileType = wrapper.cfbundle; includeInIndex = 0; path = "A-PomodoroUITests.xctest"; sourceTree = BUILT_PRODUCTS_DIR; };
		5467545C2953343A00EA7F5E /* A_PomodoroUITests.swift */ = {isa = PBXFileReference; lastKnownFileType = sourcecode.swift; path = A_PomodoroUITests.swift; sourceTree = "<group>"; };
		5467545E2953343A00EA7F5E /* A_PomodoroUITestsLaunchTests.swift */ = {isa = PBXFileReference; lastKnownFileType = sourcecode.swift; path = A_PomodoroUITestsLaunchTests.swift; sourceTree = "<group>"; };
		5467546B295334D200EA7F5E /* Info.plist */ = {isa = PBXFileReference; lastKnownFileType = text.plist; path = Info.plist; sourceTree = "<group>"; };
		5467546E295334FB00EA7F5E /* TimerView.swift */ = {isa = PBXFileReference; fileEncoding = 4; lastKnownFileType = sourcecode.swift; path = TimerView.swift; sourceTree = "<group>"; };
		5467546F295334FB00EA7F5E /* ContentView.swift */ = {isa = PBXFileReference; fileEncoding = 4; lastKnownFileType = sourcecode.swift; path = ContentView.swift; sourceTree = "<group>"; };
		546754722953350600EA7F5E /* AppColor.swift */ = {isa = PBXFileReference; fileEncoding = 4; lastKnownFileType = sourcecode.swift; path = AppColor.swift; sourceTree = "<group>"; };
		546754732953350600EA7F5E /* TimerType.swift */ = {isa = PBXFileReference; fileEncoding = 4; lastKnownFileType = sourcecode.swift; path = TimerType.swift; sourceTree = "<group>"; };
		546754742953350700EA7F5E /* ModelData.swift */ = {isa = PBXFileReference; fileEncoding = 4; lastKnownFileType = sourcecode.swift; path = ModelData.swift; sourceTree = "<group>"; };
		5467FDFE299CFE1000B3E51D /* SheetBottomBar.swift */ = {isa = PBXFileReference; lastKnownFileType = sourcecode.swift; path = SheetBottomBar.swift; sourceTree = "<group>"; };
		547A8DE9299804E70076AD8C /* ReciprocateView.swift */ = {isa = PBXFileReference; lastKnownFileType = sourcecode.swift; path = ReciprocateView.swift; sourceTree = "<group>"; };
		547A8DEB299905FC0076AD8C /* CancellationToken.swift */ = {isa = PBXFileReference; lastKnownFileType = sourcecode.swift; path = CancellationToken.swift; sourceTree = "<group>"; };
		547A8DEE299B6AC30076AD8C /* SettingsView.swift */ = {isa = PBXFileReference; lastKnownFileType = sourcecode.swift; path = SettingsView.swift; sourceTree = "<group>"; };
		547A8DF1299B874A0076AD8C /* Font+App.swift */ = {isa = PBXFileReference; lastKnownFileType = sourcecode.swift; path = "Font+App.swift"; sourceTree = "<group>"; };
		547F632A296148F3008A83A5 /* Sparkle.swift */ = {isa = PBXFileReference; lastKnownFileType = sourcecode.swift; path = Sparkle.swift; sourceTree = "<group>"; };
		547F632C29614980008A83A5 /* SparkleSystem.swift */ = {isa = PBXFileReference; lastKnownFileType = sourcecode.swift; path = SparkleSystem.swift; sourceTree = "<group>"; };
		547F632E2961516C008A83A5 /* MiscUtil.swift */ = {isa = PBXFileReference; lastKnownFileType = sourcecode.swift; path = MiscUtil.swift; sourceTree = "<group>"; };
		547F63302964DEEA008A83A5 /* HistoryView.swift */ = {isa = PBXFileReference; lastKnownFileType = sourcecode.swift; path = HistoryView.swift; sourceTree = "<group>"; };
		547F6334296820AF008A83A5 /* TimeUtil.swift */ = {isa = PBXFileReference; lastKnownFileType = sourcecode.swift; path = TimeUtil.swift; sourceTree = "<group>"; };
		549B928329B155AF0021E28A /* UserDefaults+AppGroup.swift */ = {isa = PBXFileReference; lastKnownFileType = sourcecode.swift; path = "UserDefaults+AppGroup.swift"; sourceTree = "<group>"; };
		549B928729B1EA280021E28A /* RemainingWidgetExtension.entitlements */ = {isa = PBXFileReference; lastKnownFileType = text.plist.entitlements; path = RemainingWidgetExtension.entitlements; sourceTree = "<group>"; };
		54A6998729AEBF15007898C8 /* RemainingWidgetExtension.appex */ = {isa = PBXFileReference; explicitFileType = "wrapper.app-extension"; includeInIndex = 0; path = RemainingWidgetExtension.appex; sourceTree = BUILT_PRODUCTS_DIR; };
		54A6998929AEBF15007898C8 /* WidgetKit.framework */ = {isa = PBXFileReference; lastKnownFileType = wrapper.framework; name = WidgetKit.framework; path = System/Library/Frameworks/WidgetKit.framework; sourceTree = SDKROOT; };
		54A6998B29AEBF15007898C8 /* SwiftUI.framework */ = {isa = PBXFileReference; lastKnownFileType = wrapper.framework; name = SwiftUI.framework; path = System/Library/Frameworks/SwiftUI.framework; sourceTree = SDKROOT; };
		54A6998E29AEBF16007898C8 /* RemainingWidgetBundle.swift */ = {isa = PBXFileReference; lastKnownFileType = sourcecode.swift; path = RemainingWidgetBundle.swift; sourceTree = "<group>"; };
		54A6999029AEBF16007898C8 /* RemainingWidgetLiveActivity.swift */ = {isa = PBXFileReference; lastKnownFileType = sourcecode.swift; path = RemainingWidgetLiveActivity.swift; sourceTree = "<group>"; };
		54A6999229AEBF16007898C8 /* RemainingWidget.swift */ = {isa = PBXFileReference; lastKnownFileType = sourcecode.swift; path = RemainingWidget.swift; sourceTree = "<group>"; };
		54A6999429AEBF17007898C8 /* Assets.xcassets */ = {isa = PBXFileReference; lastKnownFileType = folder.assetcatalog; path = Assets.xcassets; sourceTree = "<group>"; };
		54A6999629AEBF17007898C8 /* Info.plist */ = {isa = PBXFileReference; lastKnownFileType = text.plist.xml; path = Info.plist; sourceTree = "<group>"; };
		54AE1582296AD4CE00BBFDA2 /* HistoryModel.swift */ = {isa = PBXFileReference; lastKnownFileType = sourcecode.swift; path = HistoryModel.swift; sourceTree = "<group>"; };
		54AE1584296B631A00BBFDA2 /* HistoryHeader.swift */ = {isa = PBXFileReference; lastKnownFileType = sourcecode.swift; path = HistoryHeader.swift; sourceTree = "<group>"; };
		54AE158B296B815800BBFDA2 /* nb */ = {isa = PBXFileReference; lastKnownFileType = text.plist.stringsdict; name = nb; path = nb.lproj/Localizable.stringsdict; sourceTree = "<group>"; };
		54AE158C296B819A00BBFDA2 /* en */ = {isa = PBXFileReference; lastKnownFileType = text.plist.stringsdict; name = en; path = en.lproj/Localizable.stringsdict; sourceTree = "<group>"; };
		54AE158D296F7E3F00BBFDA2 /* Persistence+Share.swift */ = {isa = PBXFileReference; lastKnownFileType = sourcecode.swift; path = "Persistence+Share.swift"; sourceTree = "<group>"; };
		54AE158F297374E700BBFDA2 /* Persistence+Defaults.swift */ = {isa = PBXFileReference; lastKnownFileType = sourcecode.swift; path = "Persistence+Defaults.swift"; sourceTree = "<group>"; };
		54AE15942974CF5700BBFDA2 /* History+Util.swift */ = {isa = PBXFileReference; lastKnownFileType = sourcecode.swift; path = "History+Util.swift"; sourceTree = "<group>"; };
		54AE15962974D2AF00BBFDA2 /* Category+Util.swift */ = {isa = PBXFileReference; fileEncoding = 4; lastKnownFileType = sourcecode.swift; path = "Category+Util.swift"; sourceTree = "<group>"; };
		54AE15982974D36100BBFDA2 /* Task+Util.swift */ = {isa = PBXFileReference; fileEncoding = 4; lastKnownFileType = sourcecode.swift; path = "Task+Util.swift"; sourceTree = "<group>"; };
		54AE159D2976487D00BBFDA2 /* NSManagedObject+Util.swift */ = {isa = PBXFileReference; lastKnownFileType = sourcecode.swift; path = "NSManagedObject+Util.swift"; sourceTree = "<group>"; };
		54AE15A029764B3C00BBFDA2 /* ALog.swift */ = {isa = PBXFileReference; lastKnownFileType = sourcecode.swift; path = ALog.swift; sourceTree = "<group>"; };
		54AE15A2297C435000BBFDA2 /* Persistence+Util.swift */ = {isa = PBXFileReference; lastKnownFileType = sourcecode.swift; path = "Persistence+Util.swift"; sourceTree = "<group>"; };
/* End PBXFileReference section */

/* Begin PBXFrameworksBuildPhase section */
		5460DF6A2954CF4B00D00E0E /* Frameworks */ = {
			isa = PBXFrameworksBuildPhase;
			buildActionMask = 2147483647;
			files = (
			);
			runOnlyForDeploymentPostprocessing = 0;
		};
		546754352953343800EA7F5E /* Frameworks */ = {
			isa = PBXFrameworksBuildPhase;
			buildActionMask = 2147483647;
			files = (
			);
			runOnlyForDeploymentPostprocessing = 0;
		};
		5467544B2953343A00EA7F5E /* Frameworks */ = {
			isa = PBXFrameworksBuildPhase;
			buildActionMask = 2147483647;
			files = (
			);
			runOnlyForDeploymentPostprocessing = 0;
		};
		546754552953343A00EA7F5E /* Frameworks */ = {
			isa = PBXFrameworksBuildPhase;
			buildActionMask = 2147483647;
			files = (
			);
			runOnlyForDeploymentPostprocessing = 0;
		};
		54A6998429AEBF15007898C8 /* Frameworks */ = {
			isa = PBXFrameworksBuildPhase;
			buildActionMask = 2147483647;
			files = (
				54A6998C29AEBF15007898C8 /* SwiftUI.framework in Frameworks */,
				54A6998A29AEBF15007898C8 /* WidgetKit.framework in Frameworks */,
			);
			runOnlyForDeploymentPostprocessing = 0;
		};
/* End PBXFrameworksBuildPhase section */

/* Begin PBXGroup section */
		542AFD0F295FB9ED004B53F9 /* AppIcon */ = {
			isa = PBXGroup;
			children = (
			);
			path = AppIcon;
			sourceTree = "<group>";
		};
		542AFD102961050B004B53F9 /* Resources */ = {
			isa = PBXGroup;
			children = (
				542AFD122961056F004B53F9 /* InitializeCloudKitSchema-Info.plist */,
			);
			path = Resources;
			sourceTree = "<group>";
		};
		5467542F2953343800EA7F5E = {
			isa = PBXGroup;
			children = (
				549B928729B1EA280021E28A /* RemainingWidgetExtension.entitlements */,
				549B928229B155860021E28A /* AppGroup */,
				542AFD102961050B004B53F9 /* Resources */,
				5467543A2953343800EA7F5E /* A-Pomodoro */,
				546754512953343A00EA7F5E /* A-PomodoroTests */,
				5467545B2953343A00EA7F5E /* A-PomodoroUITests */,
				54A6998D29AEBF16007898C8 /* RemainingWidget */,
				54A6998829AEBF15007898C8 /* Frameworks */,
				546754392953343800EA7F5E /* Products */,
			);
			sourceTree = "<group>";
		};
		546754392953343800EA7F5E /* Products */ = {
			isa = PBXGroup;
			children = (
				546754382953343800EA7F5E /* A-Pomodoro.app */,
				5467544E2953343A00EA7F5E /* A-PomodoroTests.xctest */,
				546754582953343A00EA7F5E /* A-PomodoroUITests.xctest */,
				5460DF712954CF4B00D00E0E /* InitializeCloudKitSchema.app */,
				54A6998729AEBF15007898C8 /* RemainingWidgetExtension.appex */,
			);
			name = Products;
			sourceTree = "<group>";
		};
		5467543A2953343800EA7F5E /* A-Pomodoro */ = {
			isa = PBXGroup;
			children = (
				54AE159F29764B2500BBFDA2 /* Util */,
				54AE159C2976486400BBFDA2 /* Extensions */,
				542AFD0F295FB9ED004B53F9 /* AppIcon */,
				5467546D295334E700EA7F5E /* Model */,
				5467546C295334DB00EA7F5E /* View */,
				5467546B295334D200EA7F5E /* Info.plist */,
				542AFD1A29611B72004B53F9 /* Localizable.strings */,
				54AE158A296B813F00BBFDA2 /* Localizable.stringsdict */,
				542AFD1729611B72004B53F9 /* InfoPlist.strings */,
				5467543B2953343800EA7F5E /* A_PomodoroApp.swift */,
				5460DF7329552C2C00D00E0E /* AppDelegate.swift */,
				546754442953343A00EA7F5E /* Assets.xcassets */,
				546754462953343A00EA7F5E /* A_Pomodoro.entitlements */,
				5467543F2953343800EA7F5E /* A-Pomodoro.xcdatamodeld */,
				546754472953343A00EA7F5E /* Preview Content */,
			);
			path = "A-Pomodoro";
			sourceTree = "<group>";
		};
		546754472953343A00EA7F5E /* Preview Content */ = {
			isa = PBXGroup;
			children = (
				546754482953343A00EA7F5E /* Preview Assets.xcassets */,
			);
			path = "Preview Content";
			sourceTree = "<group>";
		};
		546754512953343A00EA7F5E /* A-PomodoroTests */ = {
			isa = PBXGroup;
			children = (
				546754522953343A00EA7F5E /* A_PomodoroTests.swift */,
			);
			path = "A-PomodoroTests";
			sourceTree = "<group>";
		};
		5467545B2953343A00EA7F5E /* A-PomodoroUITests */ = {
			isa = PBXGroup;
			children = (
				5467545C2953343A00EA7F5E /* A_PomodoroUITests.swift */,
				5467545E2953343A00EA7F5E /* A_PomodoroUITestsLaunchTests.swift */,
			);
			path = "A-PomodoroUITests";
			sourceTree = "<group>";
		};
		5467546C295334DB00EA7F5E /* View */ = {
			isa = PBXGroup;
			children = (
				547A8DF0299B87350076AD8C /* Misc */,
				547A8DED299B6A9C0076AD8C /* SettingsView */,
				547A8DE8299804B60076AD8C /* History */,
				5467546F295334FB00EA7F5E /* ContentView.swift */,
				5467546E295334FB00EA7F5E /* TimerView.swift */,
				542AFD03295A4F7C004B53F9 /* SquareZStack.swift */,
				542AFD05295A8F59004B53F9 /* ProgressBow.swift */,
				542AFD07295BAC6F004B53F9 /* ProgressText.swift */,
				542AFD09295C87EA004B53F9 /* ButtonStyles.swift */,
				542AFD0D295E8349004B53F9 /* ViewUtil.swift */,
				547F632A296148F3008A83A5 /* Sparkle.swift */,
				547F632C29614980008A83A5 /* SparkleSystem.swift */,
			);
			path = View;
			sourceTree = "<group>";
		};
		5467546D295334E700EA7F5E /* Model */ = {
			isa = PBXGroup;
			children = (
				54AE15932974CF2E00BBFDA2 /* Entities */,
				546754722953350600EA7F5E /* AppColor.swift */,
				546754742953350700EA7F5E /* ModelData.swift */,
				546754732953350600EA7F5E /* TimerType.swift */,
				5467543D2953343800EA7F5E /* Persistence.swift */,
				5460DF4229549AEB00D00E0E /* Persistence+History.swift */,
				54AE15A2297C435000BBFDA2 /* Persistence+Util.swift */,
				54AE158D296F7E3F00BBFDA2 /* Persistence+Share.swift */,
				54AE158F297374E700BBFDA2 /* Persistence+Defaults.swift */,
				5460DF762955A89100D00E0E /* Persistence+Entities.swift */,
				5460DF442954A1C400D00E0E /* CoreDataHelper.swift */,
				5460DF7829566E3B00D00E0E /* LatestObjectBinder.swift */,
				54AE1582296AD4CE00BBFDA2 /* HistoryModel.swift */,
			);
			path = Model;
			sourceTree = "<group>";
		};
		547A8DE8299804B60076AD8C /* History */ = {
			isa = PBXGroup;
			children = (
				547F63302964DEEA008A83A5 /* HistoryView.swift */,
				54AE1584296B631A00BBFDA2 /* HistoryHeader.swift */,
				547A8DE9299804E70076AD8C /* ReciprocateView.swift */,
			);
			path = History;
			sourceTree = "<group>";
		};
		547A8DED299B6A9C0076AD8C /* SettingsView */ = {
			isa = PBXGroup;
			children = (
				547A8DEE299B6AC30076AD8C /* SettingsView.swift */,
			);
			path = SettingsView;
			sourceTree = "<group>";
		};
		547A8DF0299B87350076AD8C /* Misc */ = {
			isa = PBXGroup;
			children = (
				547A8DF1299B874A0076AD8C /* Font+App.swift */,
				5467FDFE299CFE1000B3E51D /* SheetBottomBar.swift */,
			);
			path = Misc;
			sourceTree = "<group>";
		};
		549B928229B155860021E28A /* AppGroup */ = {
			isa = PBXGroup;
			children = (
				549B928329B155AF0021E28A /* UserDefaults+AppGroup.swift */,
			);
			path = AppGroup;
			sourceTree = "<group>";
		};
		54A6998829AEBF15007898C8 /* Frameworks */ = {
			isa = PBXGroup;
			children = (
				54A6998929AEBF15007898C8 /* WidgetKit.framework */,
				54A6998B29AEBF15007898C8 /* SwiftUI.framework */,
			);
			name = Frameworks;
			sourceTree = "<group>";
		};
		54A6998D29AEBF16007898C8 /* RemainingWidget */ = {
			isa = PBXGroup;
			children = (
				54A6998E29AEBF16007898C8 /* RemainingWidgetBundle.swift */,
				54A6999029AEBF16007898C8 /* RemainingWidgetLiveActivity.swift */,
				54A6999229AEBF16007898C8 /* RemainingWidget.swift */,
				54A6999429AEBF17007898C8 /* Assets.xcassets */,
				54A6999629AEBF17007898C8 /* Info.plist */,
			);
			path = RemainingWidget;
			sourceTree = "<group>";
		};
		54AE15932974CF2E00BBFDA2 /* Entities */ = {
			isa = PBXGroup;
			children = (
				5460DF7A2957032300D00E0E /* PomodoroEntry+Util.swift */,
				54AE15942974CF5700BBFDA2 /* History+Util.swift */,
				54AE15962974D2AF00BBFDA2 /* Category+Util.swift */,
				54AE15982974D36100BBFDA2 /* Task+Util.swift */,
			);
			path = Entities;
			sourceTree = "<group>";
		};
		54AE159C2976486400BBFDA2 /* Extensions */ = {
			isa = PBXGroup;
			children = (
				54AE159D2976487D00BBFDA2 /* NSManagedObject+Util.swift */,
			);
			path = Extensions;
			sourceTree = "<group>";
		};
		54AE159F29764B2500BBFDA2 /* Util */ = {
			isa = PBXGroup;
			children = (
				547F6334296820AF008A83A5 /* TimeUtil.swift */,
				547F632E2961516C008A83A5 /* MiscUtil.swift */,
				54AE15A029764B3C00BBFDA2 /* ALog.swift */,
				547A8DEB299905FC0076AD8C /* CancellationToken.swift */,
			);
			path = Util;
			sourceTree = "<group>";
		};
/* End PBXGroup section */

/* Begin PBXNativeTarget section */
		5460DF5E2954CF4B00D00E0E /* InitializeCloudKitSchema */ = {
			isa = PBXNativeTarget;
			buildConfigurationList = 5460DF6E2954CF4B00D00E0E /* Build configuration list for PBXNativeTarget "InitializeCloudKitSchema" */;
			buildPhases = (
				5460DF5F2954CF4B00D00E0E /* Sources */,
				5460DF6A2954CF4B00D00E0E /* Frameworks */,
				5460DF6B2954CF4B00D00E0E /* Resources */,
			);
			buildRules = (
			);
			dependencies = (
			);
			name = InitializeCloudKitSchema;
			productName = "A-Pomodoro";
			productReference = 5460DF712954CF4B00D00E0E /* InitializeCloudKitSchema.app */;
			productType = "com.apple.product-type.application";
		};
		546754372953343800EA7F5E /* A-Pomodoro */ = {
			isa = PBXNativeTarget;
			buildConfigurationList = 546754622953343A00EA7F5E /* Build configuration list for PBXNativeTarget "A-Pomodoro" */;
			buildPhases = (
				546754342953343800EA7F5E /* Sources */,
				546754352953343800EA7F5E /* Frameworks */,
				546754362953343800EA7F5E /* Resources */,
				54A6999A29AEBF17007898C8 /* Embed Foundation Extensions */,
			);
			buildRules = (
			);
			dependencies = (
				54A6999829AEBF17007898C8 /* PBXTargetDependency */,
			);
			name = "A-Pomodoro";
			productName = "A-Pomodoro";
			productReference = 546754382953343800EA7F5E /* A-Pomodoro.app */;
			productType = "com.apple.product-type.application";
		};
		5467544D2953343A00EA7F5E /* A-PomodoroTests */ = {
			isa = PBXNativeTarget;
			buildConfigurationList = 546754652953343A00EA7F5E /* Build configuration list for PBXNativeTarget "A-PomodoroTests" */;
			buildPhases = (
				5467544A2953343A00EA7F5E /* Sources */,
				5467544B2953343A00EA7F5E /* Frameworks */,
				5467544C2953343A00EA7F5E /* Resources */,
			);
			buildRules = (
			);
			dependencies = (
				546754502953343A00EA7F5E /* PBXTargetDependency */,
			);
			name = "A-PomodoroTests";
			productName = "A-PomodoroTests";
			productReference = 5467544E2953343A00EA7F5E /* A-PomodoroTests.xctest */;
			productType = "com.apple.product-type.bundle.unit-test";
		};
		546754572953343A00EA7F5E /* A-PomodoroUITests */ = {
			isa = PBXNativeTarget;
			buildConfigurationList = 546754682953343A00EA7F5E /* Build configuration list for PBXNativeTarget "A-PomodoroUITests" */;
			buildPhases = (
				546754542953343A00EA7F5E /* Sources */,
				546754552953343A00EA7F5E /* Frameworks */,
				546754562953343A00EA7F5E /* Resources */,
			);
			buildRules = (
			);
			dependencies = (
				5467545A2953343A00EA7F5E /* PBXTargetDependency */,
			);
			name = "A-PomodoroUITests";
			productName = "A-PomodoroUITests";
			productReference = 546754582953343A00EA7F5E /* A-PomodoroUITests.xctest */;
			productType = "com.apple.product-type.bundle.ui-testing";
		};
		54A6998629AEBF15007898C8 /* RemainingWidgetExtension */ = {
			isa = PBXNativeTarget;
			buildConfigurationList = 54A6999D29AEBF17007898C8 /* Build configuration list for PBXNativeTarget "RemainingWidgetExtension" */;
			buildPhases = (
				54A6998329AEBF15007898C8 /* Sources */,
				54A6998429AEBF15007898C8 /* Frameworks */,
				54A6998529AEBF15007898C8 /* Resources */,
			);
			buildRules = (
			);
			dependencies = (
			);
			name = RemainingWidgetExtension;
			productName = RemainingWidgetExtension;
			productReference = 54A6998729AEBF15007898C8 /* RemainingWidgetExtension.appex */;
			productType = "com.apple.product-type.app-extension";
		};
/* End PBXNativeTarget section */

/* Begin PBXProject section */
		546754302953343800EA7F5E /* Project object */ = {
			isa = PBXProject;
			attributes = {
				BuildIndependentTargetsInParallel = 1;
				LastSwiftUpdateCheck = 1420;
				LastUpgradeCheck = 1400;
				TargetAttributes = {
					546754372953343800EA7F5E = {
						CreatedOnToolsVersion = 14.0.1;
						LastSwiftMigration = 1420;
					};
					5467544D2953343A00EA7F5E = {
						CreatedOnToolsVersion = 14.0.1;
						TestTargetID = 546754372953343800EA7F5E;
					};
					546754572953343A00EA7F5E = {
						CreatedOnToolsVersion = 14.0.1;
						TestTargetID = 546754372953343800EA7F5E;
					};
					54A6998629AEBF15007898C8 = {
						CreatedOnToolsVersion = 14.2;
					};
				};
			};
			buildConfigurationList = 546754332953343800EA7F5E /* Build configuration list for PBXProject "A-Pomodoro" */;
			compatibilityVersion = "Xcode 14.0";
			developmentRegion = en;
			hasScannedForEncodings = 0;
			knownRegions = (
				en,
				Base,
				nb,
			);
			mainGroup = 5467542F2953343800EA7F5E;
			productRefGroup = 546754392953343800EA7F5E /* Products */;
			projectDirPath = "";
			projectRoot = "";
			targets = (
				546754372953343800EA7F5E /* A-Pomodoro */,
				5467544D2953343A00EA7F5E /* A-PomodoroTests */,
				546754572953343A00EA7F5E /* A-PomodoroUITests */,
				5460DF5E2954CF4B00D00E0E /* InitializeCloudKitSchema */,
				54A6998629AEBF15007898C8 /* RemainingWidgetExtension */,
			);
		};
/* End PBXProject section */

/* Begin PBXResourcesBuildPhase section */
		5460DF6B2954CF4B00D00E0E /* Resources */ = {
			isa = PBXResourcesBuildPhase;
			buildActionMask = 2147483647;
			files = (
				5460DF6C2954CF4B00D00E0E /* Preview Assets.xcassets in Resources */,
				5460DF6D2954CF4B00D00E0E /* Assets.xcassets in Resources */,
				542AFD132961056F004B53F9 /* InitializeCloudKitSchema-Info.plist in Resources */,
			);
			runOnlyForDeploymentPostprocessing = 0;
		};
		546754362953343800EA7F5E /* Resources */ = {
			isa = PBXResourcesBuildPhase;
			buildActionMask = 2147483647;
			files = (
				546754492953343A00EA7F5E /* Preview Assets.xcassets in Resources */,
				542AFD1C29611B72004B53F9 /* Localizable.strings in Resources */,
				54AE1588296B813F00BBFDA2 /* Localizable.stringsdict in Resources */,
				542AFD1929611B72004B53F9 /* InfoPlist.strings in Resources */,
				546754452953343A00EA7F5E /* Assets.xcassets in Resources */,
			);
			runOnlyForDeploymentPostprocessing = 0;
		};
		5467544C2953343A00EA7F5E /* Resources */ = {
			isa = PBXResourcesBuildPhase;
			buildActionMask = 2147483647;
			files = (
			);
			runOnlyForDeploymentPostprocessing = 0;
		};
		546754562953343A00EA7F5E /* Resources */ = {
			isa = PBXResourcesBuildPhase;
			buildActionMask = 2147483647;
			files = (
			);
			runOnlyForDeploymentPostprocessing = 0;
		};
		54A6998529AEBF15007898C8 /* Resources */ = {
			isa = PBXResourcesBuildPhase;
			buildActionMask = 2147483647;
			files = (
				54A6999529AEBF17007898C8 /* Assets.xcassets in Resources */,
			);
			runOnlyForDeploymentPostprocessing = 0;
		};
/* End PBXResourcesBuildPhase section */

/* Begin PBXSourcesBuildPhase section */
		5460DF5F2954CF4B00D00E0E /* Sources */ = {
			isa = PBXSourcesBuildPhase;
			buildActionMask = 2147483647;
			files = (
				5460DF752955A34600D00E0E /* AppDelegate.swift in Sources */,
				542AFD16296106E6004B53F9 /* AppColor.swift in Sources */,
				547A8DF829A0C8450076AD8C /* TimeUtil.swift in Sources */,
				547A8DF729A0C7F20076AD8C /* MiscUtil.swift in Sources */,
				5460DF602954CF4B00D00E0E /* CoreDataHelper.swift in Sources */,
				5460DF612954CF4B00D00E0E /* Persistence+History.swift in Sources */,
				5460DF632954CF4B00D00E0E /* A_PomodoroApp.swift in Sources */,
				547A8DF629A0C7DF0076AD8C /* ALog.swift in Sources */,
				5460DF642954CF4B00D00E0E /* ModelData.swift in Sources */,
				5460DF672954CF4B00D00E0E /* Persistence.swift in Sources */,
				5460DF692954CF4B00D00E0E /* A-Pomodoro.xcdatamodeld in Sources */,
			);
			runOnlyForDeploymentPostprocessing = 0;
		};
		546754342953343800EA7F5E /* Sources */ = {
			isa = PBXSourcesBuildPhase;
			buildActionMask = 2147483647;
			files = (
				5460DF7429552C2C00D00E0E /* AppDelegate.swift in Sources */,
				5460DF452954A1C400D00E0E /* CoreDataHelper.swift in Sources */,
				5460DF4329549AEB00D00E0E /* Persistence+History.swift in Sources */,
				54AE159E2976487D00BBFDA2 /* NSManagedObject+Util.swift in Sources */,
				542AFD04295A4F7C004B53F9 /* SquareZStack.swift in Sources */,
				54675470295334FB00EA7F5E /* TimerView.swift in Sources */,
				542AFD0E295E8349004B53F9 /* ViewUtil.swift in Sources */,
				547F63312964DEEA008A83A5 /* HistoryView.swift in Sources */,
				547F6335296820AF008A83A5 /* TimeUtil.swift in Sources */,
				5467543C2953343800EA7F5E /* A_PomodoroApp.swift in Sources */,
				54AE1590297374E800BBFDA2 /* Persistence+Defaults.swift in Sources */,
				54AE15952974CF5700BBFDA2 /* History+Util.swift in Sources */,
				5460DF7B2957032300D00E0E /* PomodoroEntry+Util.swift in Sources */,
				54AE1583296AD4CE00BBFDA2 /* HistoryModel.swift in Sources */,
				549B928429B155AF0021E28A /* UserDefaults+AppGroup.swift in Sources */,
				547A8DF2299B874A0076AD8C /* Font+App.swift in Sources */,
				54AE15992974D36100BBFDA2 /* Task+Util.swift in Sources */,
				542AFD08295BAC6F004B53F9 /* ProgressText.swift in Sources */,
				546754772953350700EA7F5E /* ModelData.swift in Sources */,
				547A8DEA299804E70076AD8C /* ReciprocateView.swift in Sources */,
				547F632B296148F3008A83A5 /* Sparkle.swift in Sources */,
				54675471295334FB00EA7F5E /* ContentView.swift in Sources */,
				547F632D29614980008A83A5 /* SparkleSystem.swift in Sources */,
				547A8DEF299B6AC30076AD8C /* SettingsView.swift in Sources */,
				547F632F2961516C008A83A5 /* MiscUtil.swift in Sources */,
				542AFD06295A8F59004B53F9 /* ProgressBow.swift in Sources */,
				54AE15A129764B3C00BBFDA2 /* ALog.swift in Sources */,
				5460DF772955A89100D00E0E /* Persistence+Entities.swift in Sources */,
				546754752953350700EA7F5E /* AppColor.swift in Sources */,
				542AFD0A295C87EA004B53F9 /* ButtonStyles.swift in Sources */,
				54AE1585296B631A00BBFDA2 /* HistoryHeader.swift in Sources */,
				54AE15A3297C435100BBFDA2 /* Persistence+Util.swift in Sources */,
				5460DF7929566E3B00D00E0E /* LatestObjectBinder.swift in Sources */,
				54AE15972974D2AF00BBFDA2 /* Category+Util.swift in Sources */,
				54AE158E296F7E3F00BBFDA2 /* Persistence+Share.swift in Sources */,
				547A8DEC299905FC0076AD8C /* CancellationToken.swift in Sources */,
				5467543E2953343800EA7F5E /* Persistence.swift in Sources */,
				546754762953350700EA7F5E /* TimerType.swift in Sources */,
				546754412953343800EA7F5E /* A-Pomodoro.xcdatamodeld in Sources */,
				5467FDFF299CFE1000B3E51D /* SheetBottomBar.swift in Sources */,
			);
			runOnlyForDeploymentPostprocessing = 0;
		};
		5467544A2953343A00EA7F5E /* Sources */ = {
			isa = PBXSourcesBuildPhase;
			buildActionMask = 2147483647;
			files = (
				546754532953343A00EA7F5E /* A_PomodoroTests.swift in Sources */,
			);
			runOnlyForDeploymentPostprocessing = 0;
		};
		546754542953343A00EA7F5E /* Sources */ = {
			isa = PBXSourcesBuildPhase;
			buildActionMask = 2147483647;
			files = (
				5467545D2953343A00EA7F5E /* A_PomodoroUITests.swift in Sources */,
				5467545F2953343A00EA7F5E /* A_PomodoroUITestsLaunchTests.swift in Sources */,
			);
			runOnlyForDeploymentPostprocessing = 0;
		};
		54A6998329AEBF15007898C8 /* Sources */ = {
			isa = PBXSourcesBuildPhase;
			buildActionMask = 2147483647;
			files = (
				54A6998F29AEBF16007898C8 /* RemainingWidgetBundle.swift in Sources */,
				54A6999129AEBF16007898C8 /* RemainingWidgetLiveActivity.swift in Sources */,
				549B928529B155B00021E28A /* UserDefaults+AppGroup.swift in Sources */,
				549B928629B1D9020021E28A /* MiscUtil.swift in Sources */,
				54A6999329AEBF16007898C8 /* RemainingWidget.swift in Sources */,
			);
			runOnlyForDeploymentPostprocessing = 0;
		};
/* End PBXSourcesBuildPhase section */

/* Begin PBXTargetDependency section */
		546754502953343A00EA7F5E /* PBXTargetDependency */ = {
			isa = PBXTargetDependency;
			target = 546754372953343800EA7F5E /* A-Pomodoro */;
			targetProxy = 5467544F2953343A00EA7F5E /* PBXContainerItemProxy */;
		};
		5467545A2953343A00EA7F5E /* PBXTargetDependency */ = {
			isa = PBXTargetDependency;
			target = 546754372953343800EA7F5E /* A-Pomodoro */;
			targetProxy = 546754592953343A00EA7F5E /* PBXContainerItemProxy */;
		};
		54A6999829AEBF17007898C8 /* PBXTargetDependency */ = {
			isa = PBXTargetDependency;
			target = 54A6998629AEBF15007898C8 /* RemainingWidgetExtension */;
			targetProxy = 54A6999729AEBF17007898C8 /* PBXContainerItemProxy */;
		};
/* End PBXTargetDependency section */

/* Begin PBXVariantGroup section */
		542AFD1729611B72004B53F9 /* InfoPlist.strings */ = {
			isa = PBXVariantGroup;
			children = (
				542AFD1829611B72004B53F9 /* nb */,
				542AFD1D29611C75004B53F9 /* en */,
			);
			name = InfoPlist.strings;
			sourceTree = "<group>";
		};
		542AFD1A29611B72004B53F9 /* Localizable.strings */ = {
			isa = PBXVariantGroup;
			children = (
				542AFD1B29611B72004B53F9 /* nb */,
			);
			name = Localizable.strings;
			sourceTree = "<group>";
		};
		54AE158A296B813F00BBFDA2 /* Localizable.stringsdict */ = {
			isa = PBXVariantGroup;
			children = (
				54AE158B296B815800BBFDA2 /* nb */,
				54AE158C296B819A00BBFDA2 /* en */,
			);
			name = Localizable.stringsdict;
			sourceTree = "<group>";
		};
/* End PBXVariantGroup section */

/* Begin XCBuildConfiguration section */
		5460DF6F2954CF4B00D00E0E /* Debug */ = {
			isa = XCBuildConfiguration;
			buildSettings = {
				ASSETCATALOG_COMPILER_APPICON_NAME = AppIcon;
				ASSETCATALOG_COMPILER_GLOBAL_ACCENT_COLOR_NAME = AccentColor;
				CODE_SIGN_ENTITLEMENTS = "A-Pomodoro/A_Pomodoro.entitlements";
				CODE_SIGN_STYLE = Automatic;
				CURRENT_PROJECT_VERSION = 1;
				DEVELOPMENT_ASSET_PATHS = "\"A-Pomodoro/Preview Content\"";
				DEVELOPMENT_TEAM = 6E4XG53E27;
				ENABLE_HARDENED_RUNTIME = YES;
				ENABLE_PREVIEWS = YES;
				GENERATE_INFOPLIST_FILE = YES;
				INFOPLIST_FILE = "Resources/InitializeCloudKitSchema-Info.plist";
				"INFOPLIST_KEY_UIApplicationSceneManifest_Generation[sdk=iphoneos*]" = YES;
				"INFOPLIST_KEY_UIApplicationSceneManifest_Generation[sdk=iphonesimulator*]" = YES;
				"INFOPLIST_KEY_UIApplicationSupportsIndirectInputEvents[sdk=iphoneos*]" = YES;
				"INFOPLIST_KEY_UIApplicationSupportsIndirectInputEvents[sdk=iphonesimulator*]" = YES;
				"INFOPLIST_KEY_UILaunchScreen_Generation[sdk=iphoneos*]" = YES;
				"INFOPLIST_KEY_UILaunchScreen_Generation[sdk=iphonesimulator*]" = YES;
				"INFOPLIST_KEY_UIStatusBarStyle[sdk=iphoneos*]" = UIStatusBarStyleDefault;
				"INFOPLIST_KEY_UIStatusBarStyle[sdk=iphonesimulator*]" = UIStatusBarStyleDefault;
				INFOPLIST_KEY_UISupportedInterfaceOrientations_iPad = "UIInterfaceOrientationPortrait UIInterfaceOrientationPortraitUpsideDown UIInterfaceOrientationLandscapeLeft UIInterfaceOrientationLandscapeRight";
				INFOPLIST_KEY_UISupportedInterfaceOrientations_iPhone = "UIInterfaceOrientationPortrait UIInterfaceOrientationLandscapeLeft UIInterfaceOrientationLandscapeRight";
				IPHONEOS_DEPLOYMENT_TARGET = 16.0;
				LD_RUNPATH_SEARCH_PATHS = "@executable_path/Frameworks";
				"LD_RUNPATH_SEARCH_PATHS[sdk=macosx*]" = "@executable_path/../Frameworks";
				LOCALIZATION_EXPORT_SUPPORTED = NO;
				MACOSX_DEPLOYMENT_TARGET = 12.3;
				MARKETING_VERSION = 1.0;
				PRODUCT_BUNDLE_IDENTIFIER = "no.steinholm.A-Pomodoro";
				PRODUCT_NAME = "$(TARGET_NAME)";
				SDKROOT = auto;
				SUPPORTED_PLATFORMS = "iphoneos iphonesimulator macosx";
				SWIFT_ACTIVE_COMPILATION_CONDITIONS = "DEBUG InitializeCloudKitSchema";
				SWIFT_EMIT_LOC_STRINGS = YES;
				SWIFT_VERSION = 5.0;
				TARGETED_DEVICE_FAMILY = "1,2";
			};
			name = Debug;
		};
		5460DF702954CF4B00D00E0E /* Release */ = {
			isa = XCBuildConfiguration;
			buildSettings = {
				ASSETCATALOG_COMPILER_APPICON_NAME = AppIcon;
				ASSETCATALOG_COMPILER_GLOBAL_ACCENT_COLOR_NAME = AccentColor;
				CODE_SIGN_ENTITLEMENTS = "A-Pomodoro/A_Pomodoro.entitlements";
				CODE_SIGN_STYLE = Automatic;
				CURRENT_PROJECT_VERSION = 1;
				DEVELOPMENT_ASSET_PATHS = "\"A-Pomodoro/Preview Content\"";
				DEVELOPMENT_TEAM = 6E4XG53E27;
				ENABLE_HARDENED_RUNTIME = YES;
				ENABLE_PREVIEWS = YES;
				GENERATE_INFOPLIST_FILE = YES;
				INFOPLIST_FILE = "Resources/InitializeCloudKitSchema-Info.plist";
				"INFOPLIST_KEY_UIApplicationSceneManifest_Generation[sdk=iphoneos*]" = YES;
				"INFOPLIST_KEY_UIApplicationSceneManifest_Generation[sdk=iphonesimulator*]" = YES;
				"INFOPLIST_KEY_UIApplicationSupportsIndirectInputEvents[sdk=iphoneos*]" = YES;
				"INFOPLIST_KEY_UIApplicationSupportsIndirectInputEvents[sdk=iphonesimulator*]" = YES;
				"INFOPLIST_KEY_UILaunchScreen_Generation[sdk=iphoneos*]" = YES;
				"INFOPLIST_KEY_UILaunchScreen_Generation[sdk=iphonesimulator*]" = YES;
				"INFOPLIST_KEY_UIStatusBarStyle[sdk=iphoneos*]" = UIStatusBarStyleDefault;
				"INFOPLIST_KEY_UIStatusBarStyle[sdk=iphonesimulator*]" = UIStatusBarStyleDefault;
				INFOPLIST_KEY_UISupportedInterfaceOrientations_iPad = "UIInterfaceOrientationPortrait UIInterfaceOrientationPortraitUpsideDown UIInterfaceOrientationLandscapeLeft UIInterfaceOrientationLandscapeRight";
				INFOPLIST_KEY_UISupportedInterfaceOrientations_iPhone = "UIInterfaceOrientationPortrait UIInterfaceOrientationLandscapeLeft UIInterfaceOrientationLandscapeRight";
				IPHONEOS_DEPLOYMENT_TARGET = 16.0;
				LD_RUNPATH_SEARCH_PATHS = "@executable_path/Frameworks";
				"LD_RUNPATH_SEARCH_PATHS[sdk=macosx*]" = "@executable_path/../Frameworks";
				LOCALIZATION_EXPORT_SUPPORTED = NO;
				MACOSX_DEPLOYMENT_TARGET = 12.3;
				MARKETING_VERSION = 1.0;
				PRODUCT_BUNDLE_IDENTIFIER = "no.steinholm.A-Pomodoro";
				PRODUCT_NAME = "$(TARGET_NAME)";
				SDKROOT = auto;
				SUPPORTED_PLATFORMS = "iphoneos iphonesimulator macosx";
				SWIFT_EMIT_LOC_STRINGS = YES;
				SWIFT_VERSION = 5.0;
				TARGETED_DEVICE_FAMILY = "1,2";
			};
			name = Release;
		};
		546754602953343A00EA7F5E /* Debug */ = {
			isa = XCBuildConfiguration;
			buildSettings = {
				ALWAYS_SEARCH_USER_PATHS = NO;
				CLANG_ANALYZER_NONNULL = YES;
				CLANG_ANALYZER_NUMBER_OBJECT_CONVERSION = YES_AGGRESSIVE;
				CLANG_CXX_LANGUAGE_STANDARD = "gnu++20";
				CLANG_ENABLE_MODULES = YES;
				CLANG_ENABLE_OBJC_ARC = YES;
				CLANG_ENABLE_OBJC_WEAK = YES;
				CLANG_WARN_BLOCK_CAPTURE_AUTORELEASING = YES;
				CLANG_WARN_BOOL_CONVERSION = YES;
				CLANG_WARN_COMMA = YES;
				CLANG_WARN_CONSTANT_CONVERSION = YES;
				CLANG_WARN_DEPRECATED_OBJC_IMPLEMENTATIONS = YES;
				CLANG_WARN_DIRECT_OBJC_ISA_USAGE = YES_ERROR;
				CLANG_WARN_DOCUMENTATION_COMMENTS = YES;
				CLANG_WARN_EMPTY_BODY = YES;
				CLANG_WARN_ENUM_CONVERSION = YES;
				CLANG_WARN_INFINITE_RECURSION = YES;
				CLANG_WARN_INT_CONVERSION = YES;
				CLANG_WARN_NON_LITERAL_NULL_CONVERSION = YES;
				CLANG_WARN_OBJC_IMPLICIT_RETAIN_SELF = YES;
				CLANG_WARN_OBJC_LITERAL_CONVERSION = YES;
				CLANG_WARN_OBJC_ROOT_CLASS = YES_ERROR;
				CLANG_WARN_QUOTED_INCLUDE_IN_FRAMEWORK_HEADER = YES;
				CLANG_WARN_RANGE_LOOP_ANALYSIS = YES;
				CLANG_WARN_STRICT_PROTOTYPES = YES;
				CLANG_WARN_SUSPICIOUS_MOVE = YES;
				CLANG_WARN_UNGUARDED_AVAILABILITY = YES_AGGRESSIVE;
				CLANG_WARN_UNREACHABLE_CODE = YES;
				CLANG_WARN__DUPLICATE_METHOD_MATCH = YES;
				COPY_PHASE_STRIP = NO;
				DEBUG_INFORMATION_FORMAT = dwarf;
				ENABLE_STRICT_OBJC_MSGSEND = YES;
				ENABLE_TESTABILITY = YES;
				GCC_C_LANGUAGE_STANDARD = gnu11;
				GCC_DYNAMIC_NO_PIC = NO;
				GCC_NO_COMMON_BLOCKS = YES;
				GCC_OPTIMIZATION_LEVEL = 0;
				GCC_PREPROCESSOR_DEFINITIONS = (
					"DEBUG=1",
					"$(inherited)",
				);
				GCC_WARN_64_TO_32_BIT_CONVERSION = YES;
				GCC_WARN_ABOUT_RETURN_TYPE = YES_ERROR;
				GCC_WARN_UNDECLARED_SELECTOR = YES;
				GCC_WARN_UNINITIALIZED_AUTOS = YES_AGGRESSIVE;
				GCC_WARN_UNUSED_FUNCTION = YES;
				GCC_WARN_UNUSED_VARIABLE = YES;
				MTL_ENABLE_DEBUG_INFO = INCLUDE_SOURCE;
				MTL_FAST_MATH = YES;
				ONLY_ACTIVE_ARCH = YES;
				SWIFT_ACTIVE_COMPILATION_CONDITIONS = DEBUG;
				SWIFT_OPTIMIZATION_LEVEL = "-Onone";
			};
			name = Debug;
		};
		546754612953343A00EA7F5E /* Release */ = {
			isa = XCBuildConfiguration;
			buildSettings = {
				ALWAYS_SEARCH_USER_PATHS = NO;
				CLANG_ANALYZER_NONNULL = YES;
				CLANG_ANALYZER_NUMBER_OBJECT_CONVERSION = YES_AGGRESSIVE;
				CLANG_CXX_LANGUAGE_STANDARD = "gnu++20";
				CLANG_ENABLE_MODULES = YES;
				CLANG_ENABLE_OBJC_ARC = YES;
				CLANG_ENABLE_OBJC_WEAK = YES;
				CLANG_WARN_BLOCK_CAPTURE_AUTORELEASING = YES;
				CLANG_WARN_BOOL_CONVERSION = YES;
				CLANG_WARN_COMMA = YES;
				CLANG_WARN_CONSTANT_CONVERSION = YES;
				CLANG_WARN_DEPRECATED_OBJC_IMPLEMENTATIONS = YES;
				CLANG_WARN_DIRECT_OBJC_ISA_USAGE = YES_ERROR;
				CLANG_WARN_DOCUMENTATION_COMMENTS = YES;
				CLANG_WARN_EMPTY_BODY = YES;
				CLANG_WARN_ENUM_CONVERSION = YES;
				CLANG_WARN_INFINITE_RECURSION = YES;
				CLANG_WARN_INT_CONVERSION = YES;
				CLANG_WARN_NON_LITERAL_NULL_CONVERSION = YES;
				CLANG_WARN_OBJC_IMPLICIT_RETAIN_SELF = YES;
				CLANG_WARN_OBJC_LITERAL_CONVERSION = YES;
				CLANG_WARN_OBJC_ROOT_CLASS = YES_ERROR;
				CLANG_WARN_QUOTED_INCLUDE_IN_FRAMEWORK_HEADER = YES;
				CLANG_WARN_RANGE_LOOP_ANALYSIS = YES;
				CLANG_WARN_STRICT_PROTOTYPES = YES;
				CLANG_WARN_SUSPICIOUS_MOVE = YES;
				CLANG_WARN_UNGUARDED_AVAILABILITY = YES_AGGRESSIVE;
				CLANG_WARN_UNREACHABLE_CODE = YES;
				CLANG_WARN__DUPLICATE_METHOD_MATCH = YES;
				COPY_PHASE_STRIP = NO;
				DEBUG_INFORMATION_FORMAT = "dwarf-with-dsym";
				ENABLE_NS_ASSERTIONS = NO;
				ENABLE_STRICT_OBJC_MSGSEND = YES;
				GCC_C_LANGUAGE_STANDARD = gnu11;
				GCC_NO_COMMON_BLOCKS = YES;
				GCC_WARN_64_TO_32_BIT_CONVERSION = YES;
				GCC_WARN_ABOUT_RETURN_TYPE = YES_ERROR;
				GCC_WARN_UNDECLARED_SELECTOR = YES;
				GCC_WARN_UNINITIALIZED_AUTOS = YES_AGGRESSIVE;
				GCC_WARN_UNUSED_FUNCTION = YES;
				GCC_WARN_UNUSED_VARIABLE = YES;
				MTL_ENABLE_DEBUG_INFO = NO;
				MTL_FAST_MATH = YES;
				SWIFT_COMPILATION_MODE = wholemodule;
				SWIFT_OPTIMIZATION_LEVEL = "-O";
			};
			name = Release;
		};
		546754632953343A00EA7F5E /* Debug */ = {
			isa = XCBuildConfiguration;
			buildSettings = {
				ALWAYS_EMBED_SWIFT_STANDARD_LIBRARIES = YES;
				ASSETCATALOG_COMPILER_ALTERNATE_APPICON_NAMES = "iOSAppIconGreen iOSAppIconBlue";
				ASSETCATALOG_COMPILER_APPICON_NAME = AppIcon;
				ASSETCATALOG_COMPILER_GLOBAL_ACCENT_COLOR_NAME = AccentColor;
				CLANG_ENABLE_MODULES = YES;
				CODE_SIGN_ENTITLEMENTS = "A-Pomodoro/A_Pomodoro.entitlements";
				CODE_SIGN_STYLE = Automatic;
				CURRENT_PROJECT_VERSION = 1;
				DEVELOPMENT_ASSET_PATHS = "\"A-Pomodoro/Preview Content\"";
				DEVELOPMENT_TEAM = 6E4XG53E27;
				ENABLE_HARDENED_RUNTIME = YES;
				ENABLE_PREVIEWS = YES;
				GENERATE_INFOPLIST_FILE = YES;
				INFOPLIST_FILE = "A-Pomodoro/Info.plist";
				"INFOPLIST_KEY_UIApplicationSceneManifest_Generation[sdk=iphoneos*]" = YES;
				"INFOPLIST_KEY_UIApplicationSceneManifest_Generation[sdk=iphonesimulator*]" = YES;
				"INFOPLIST_KEY_UIApplicationSupportsIndirectInputEvents[sdk=iphoneos*]" = YES;
				"INFOPLIST_KEY_UIApplicationSupportsIndirectInputEvents[sdk=iphonesimulator*]" = YES;
				"INFOPLIST_KEY_UILaunchScreen_Generation[sdk=iphoneos*]" = YES;
				"INFOPLIST_KEY_UILaunchScreen_Generation[sdk=iphonesimulator*]" = YES;
				"INFOPLIST_KEY_UIStatusBarStyle[sdk=iphoneos*]" = UIStatusBarStyleDefault;
				"INFOPLIST_KEY_UIStatusBarStyle[sdk=iphonesimulator*]" = UIStatusBarStyleDefault;
				INFOPLIST_KEY_UISupportedInterfaceOrientations_iPad = "UIInterfaceOrientationPortrait UIInterfaceOrientationPortraitUpsideDown UIInterfaceOrientationLandscapeLeft UIInterfaceOrientationLandscapeRight";
				INFOPLIST_KEY_UISupportedInterfaceOrientations_iPhone = "UIInterfaceOrientationPortrait UIInterfaceOrientationLandscapeLeft UIInterfaceOrientationLandscapeRight";
				IPHONEOS_DEPLOYMENT_TARGET = 16.0;
				LD_RUNPATH_SEARCH_PATHS = "@executable_path/Frameworks";
				"LD_RUNPATH_SEARCH_PATHS[sdk=macosx*]" = "@executable_path/../Frameworks";
				MACOSX_DEPLOYMENT_TARGET = 13.0;
				MARKETING_VERSION = 1.0;
				PRODUCT_BUNDLE_IDENTIFIER = "no.steinholm.A-Pomodoro";
				PRODUCT_NAME = "$(TARGET_NAME)";
				SDKROOT = auto;
				SUPPORTED_PLATFORMS = "iphoneos iphonesimulator macosx";
				SWIFT_EMIT_LOC_STRINGS = YES;
				SWIFT_OPTIMIZATION_LEVEL = "-Onone";
				SWIFT_VERSION = 5.0;
				TARGETED_DEVICE_FAMILY = "1,2";
			};
			name = Debug;
		};
		546754642953343A00EA7F5E /* Release */ = {
			isa = XCBuildConfiguration;
			buildSettings = {
				ALWAYS_EMBED_SWIFT_STANDARD_LIBRARIES = YES;
				ASSETCATALOG_COMPILER_ALTERNATE_APPICON_NAMES = "iOSAppIconGreen iOSAppIconBlue";
				ASSETCATALOG_COMPILER_APPICON_NAME = AppIcon;
				ASSETCATALOG_COMPILER_GLOBAL_ACCENT_COLOR_NAME = AccentColor;
				CLANG_ENABLE_MODULES = YES;
				CODE_SIGN_ENTITLEMENTS = "A-Pomodoro/A_Pomodoro.entitlements";
				CODE_SIGN_STYLE = Automatic;
				CURRENT_PROJECT_VERSION = 1;
				DEVELOPMENT_ASSET_PATHS = "\"A-Pomodoro/Preview Content\"";
				DEVELOPMENT_TEAM = 6E4XG53E27;
				ENABLE_HARDENED_RUNTIME = YES;
				ENABLE_PREVIEWS = YES;
				GENERATE_INFOPLIST_FILE = YES;
				INFOPLIST_FILE = "A-Pomodoro/Info.plist";
				"INFOPLIST_KEY_UIApplicationSceneManifest_Generation[sdk=iphoneos*]" = YES;
				"INFOPLIST_KEY_UIApplicationSceneManifest_Generation[sdk=iphonesimulator*]" = YES;
				"INFOPLIST_KEY_UIApplicationSupportsIndirectInputEvents[sdk=iphoneos*]" = YES;
				"INFOPLIST_KEY_UIApplicationSupportsIndirectInputEvents[sdk=iphonesimulator*]" = YES;
				"INFOPLIST_KEY_UILaunchScreen_Generation[sdk=iphoneos*]" = YES;
				"INFOPLIST_KEY_UILaunchScreen_Generation[sdk=iphonesimulator*]" = YES;
				"INFOPLIST_KEY_UIStatusBarStyle[sdk=iphoneos*]" = UIStatusBarStyleDefault;
				"INFOPLIST_KEY_UIStatusBarStyle[sdk=iphonesimulator*]" = UIStatusBarStyleDefault;
				INFOPLIST_KEY_UISupportedInterfaceOrientations_iPad = "UIInterfaceOrientationPortrait UIInterfaceOrientationPortraitUpsideDown UIInterfaceOrientationLandscapeLeft UIInterfaceOrientationLandscapeRight";
				INFOPLIST_KEY_UISupportedInterfaceOrientations_iPhone = "UIInterfaceOrientationPortrait UIInterfaceOrientationLandscapeLeft UIInterfaceOrientationLandscapeRight";
				IPHONEOS_DEPLOYMENT_TARGET = 16.0;
				LD_RUNPATH_SEARCH_PATHS = "@executable_path/Frameworks";
				"LD_RUNPATH_SEARCH_PATHS[sdk=macosx*]" = "@executable_path/../Frameworks";
				MACOSX_DEPLOYMENT_TARGET = 13.0;
				MARKETING_VERSION = 1.0;
				PRODUCT_BUNDLE_IDENTIFIER = "no.steinholm.A-Pomodoro";
				PRODUCT_NAME = "$(TARGET_NAME)";
				SDKROOT = auto;
				SUPPORTED_PLATFORMS = "iphoneos iphonesimulator macosx";
				SWIFT_EMIT_LOC_STRINGS = YES;
				SWIFT_VERSION = 5.0;
				TARGETED_DEVICE_FAMILY = "1,2";
			};
			name = Release;
		};
		546754662953343A00EA7F5E /* Debug */ = {
			isa = XCBuildConfiguration;
			buildSettings = {
				ALWAYS_EMBED_SWIFT_STANDARD_LIBRARIES = YES;
				BUNDLE_LOADER = "$(TEST_HOST)";
				CODE_SIGN_STYLE = Automatic;
				CURRENT_PROJECT_VERSION = 1;
				DEVELOPMENT_TEAM = 6E4XG53E27;
				GENERATE_INFOPLIST_FILE = YES;
				IPHONEOS_DEPLOYMENT_TARGET = 16.0;
				MACOSX_DEPLOYMENT_TARGET = 12.3;
				MARKETING_VERSION = 1.0;
				PRODUCT_BUNDLE_IDENTIFIER = "no.steinholm.A-PomodoroTests";
				PRODUCT_NAME = "$(TARGET_NAME)";
				SDKROOT = auto;
				SUPPORTED_PLATFORMS = "iphoneos iphonesimulator macosx";
				SWIFT_EMIT_LOC_STRINGS = NO;
				SWIFT_VERSION = 5.0;
				TARGETED_DEVICE_FAMILY = "1,2";
				TEST_HOST = "$(BUILT_PRODUCTS_DIR)/A-Pomodoro.app/$(BUNDLE_EXECUTABLE_FOLDER_PATH)/A-Pomodoro";
			};
			name = Debug;
		};
		546754672953343A00EA7F5E /* Release */ = {
			isa = XCBuildConfiguration;
			buildSettings = {
				ALWAYS_EMBED_SWIFT_STANDARD_LIBRARIES = YES;
				BUNDLE_LOADER = "$(TEST_HOST)";
				CODE_SIGN_STYLE = Automatic;
				CURRENT_PROJECT_VERSION = 1;
				DEVELOPMENT_TEAM = 6E4XG53E27;
				GENERATE_INFOPLIST_FILE = YES;
				IPHONEOS_DEPLOYMENT_TARGET = 16.0;
				MACOSX_DEPLOYMENT_TARGET = 12.3;
				MARKETING_VERSION = 1.0;
				PRODUCT_BUNDLE_IDENTIFIER = "no.steinholm.A-PomodoroTests";
				PRODUCT_NAME = "$(TARGET_NAME)";
				SDKROOT = auto;
				SUPPORTED_PLATFORMS = "iphoneos iphonesimulator macosx";
				SWIFT_EMIT_LOC_STRINGS = NO;
				SWIFT_VERSION = 5.0;
				TARGETED_DEVICE_FAMILY = "1,2";
				TEST_HOST = "$(BUILT_PRODUCTS_DIR)/A-Pomodoro.app/$(BUNDLE_EXECUTABLE_FOLDER_PATH)/A-Pomodoro";
			};
			name = Release;
		};
		546754692953343A00EA7F5E /* Debug */ = {
			isa = XCBuildConfiguration;
			buildSettings = {
				ALWAYS_EMBED_SWIFT_STANDARD_LIBRARIES = YES;
				CODE_SIGN_STYLE = Automatic;
				CURRENT_PROJECT_VERSION = 1;
				DEVELOPMENT_TEAM = 6E4XG53E27;
				GENERATE_INFOPLIST_FILE = YES;
				IPHONEOS_DEPLOYMENT_TARGET = 16.0;
				MACOSX_DEPLOYMENT_TARGET = 12.3;
				MARKETING_VERSION = 1.0;
				PRODUCT_BUNDLE_IDENTIFIER = "no.steinholm.A-PomodoroUITests";
				PRODUCT_NAME = "$(TARGET_NAME)";
				SDKROOT = auto;
				SUPPORTED_PLATFORMS = "iphoneos iphonesimulator macosx";
				SWIFT_EMIT_LOC_STRINGS = NO;
				SWIFT_VERSION = 5.0;
				TARGETED_DEVICE_FAMILY = "1,2";
				TEST_TARGET_NAME = "A-Pomodoro";
			};
			name = Debug;
		};
		5467546A2953343A00EA7F5E /* Release */ = {
			isa = XCBuildConfiguration;
			buildSettings = {
				ALWAYS_EMBED_SWIFT_STANDARD_LIBRARIES = YES;
				CODE_SIGN_STYLE = Automatic;
				CURRENT_PROJECT_VERSION = 1;
				DEVELOPMENT_TEAM = 6E4XG53E27;
				GENERATE_INFOPLIST_FILE = YES;
				IPHONEOS_DEPLOYMENT_TARGET = 16.0;
				MACOSX_DEPLOYMENT_TARGET = 12.3;
				MARKETING_VERSION = 1.0;
				PRODUCT_BUNDLE_IDENTIFIER = "no.steinholm.A-PomodoroUITests";
				PRODUCT_NAME = "$(TARGET_NAME)";
				SDKROOT = auto;
				SUPPORTED_PLATFORMS = "iphoneos iphonesimulator macosx";
				SWIFT_EMIT_LOC_STRINGS = NO;
				SWIFT_VERSION = 5.0;
				TARGETED_DEVICE_FAMILY = "1,2";
				TEST_TARGET_NAME = "A-Pomodoro";
			};
			name = Release;
		};
		54A6999B29AEBF17007898C8 /* Debug */ = {
			isa = XCBuildConfiguration;
			buildSettings = {
				ASSETCATALOG_COMPILER_GLOBAL_ACCENT_COLOR_NAME = AccentColor;
				ASSETCATALOG_COMPILER_WIDGET_BACKGROUND_COLOR_NAME = WidgetBackground;
				CODE_SIGN_ENTITLEMENTS = RemainingWidgetExtension.entitlements;
				CODE_SIGN_STYLE = Automatic;
				CURRENT_PROJECT_VERSION = 1;
				DEVELOPMENT_TEAM = 6E4XG53E27;
				GENERATE_INFOPLIST_FILE = YES;
				INFOPLIST_FILE = RemainingWidget/Info.plist;
				INFOPLIST_KEY_CFBundleDisplayName = RemainingWidget;
				INFOPLIST_KEY_NSHumanReadableCopyright = "";
				IPHONEOS_DEPLOYMENT_TARGET = 16.2;
				LD_RUNPATH_SEARCH_PATHS = (
					"$(inherited)",
					"@executable_path/Frameworks",
					"@executable_path/../../Frameworks",
				);
				MARKETING_VERSION = 1.0;
				PRODUCT_BUNDLE_IDENTIFIER = "no.steinholm.A-Pomodoro.RemainingWidget";
				PRODUCT_NAME = "$(TARGET_NAME)";
				SDKROOT = iphoneos;
				SKIP_INSTALL = YES;
				SWIFT_EMIT_LOC_STRINGS = YES;
				SWIFT_VERSION = 5.0;
				TARGETED_DEVICE_FAMILY = "1,2";
			};
			name = Debug;
		};
		54A6999C29AEBF17007898C8 /* Release */ = {
			isa = XCBuildConfiguration;
			buildSettings = {
				ASSETCATALOG_COMPILER_GLOBAL_ACCENT_COLOR_NAME = AccentColor;
				ASSETCATALOG_COMPILER_WIDGET_BACKGROUND_COLOR_NAME = WidgetBackground;
				CODE_SIGN_ENTITLEMENTS = RemainingWidgetExtension.entitlements;
				CODE_SIGN_STYLE = Automatic;
				CURRENT_PROJECT_VERSION = 1;
				DEVELOPMENT_TEAM = 6E4XG53E27;
				GENERATE_INFOPLIST_FILE = YES;
				INFOPLIST_FILE = RemainingWidget/Info.plist;
				INFOPLIST_KEY_CFBundleDisplayName = RemainingWidget;
				INFOPLIST_KEY_NSHumanReadableCopyright = "";
				IPHONEOS_DEPLOYMENT_TARGET = 16.2;
				LD_RUNPATH_SEARCH_PATHS = (
					"$(inherited)",
					"@executable_path/Frameworks",
					"@executable_path/../../Frameworks",
				);
				MARKETING_VERSION = 1.0;
				PRODUCT_BUNDLE_IDENTIFIER = "no.steinholm.A-Pomodoro.RemainingWidget";
				PRODUCT_NAME = "$(TARGET_NAME)";
				SDKROOT = iphoneos;
				SKIP_INSTALL = YES;
				SWIFT_EMIT_LOC_STRINGS = YES;
				SWIFT_VERSION = 5.0;
				TARGETED_DEVICE_FAMILY = "1,2";
				VALIDATE_PRODUCT = YES;
			};
			name = Release;
		};
/* End XCBuildConfiguration section */

/* Begin XCConfigurationList section */
		5460DF6E2954CF4B00D00E0E /* Build configuration list for PBXNativeTarget "InitializeCloudKitSchema" */ = {
			isa = XCConfigurationList;
			buildConfigurations = (
				5460DF6F2954CF4B00D00E0E /* Debug */,
				5460DF702954CF4B00D00E0E /* Release */,
			);
			defaultConfigurationIsVisible = 0;
			defaultConfigurationName = Release;
		};
		546754332953343800EA7F5E /* Build configuration list for PBXProject "A-Pomodoro" */ = {
			isa = XCConfigurationList;
			buildConfigurations = (
				546754602953343A00EA7F5E /* Debug */,
				546754612953343A00EA7F5E /* Release */,
			);
			defaultConfigurationIsVisible = 0;
			defaultConfigurationName = Release;
		};
		546754622953343A00EA7F5E /* Build configuration list for PBXNativeTarget "A-Pomodoro" */ = {
			isa = XCConfigurationList;
			buildConfigurations = (
				546754632953343A00EA7F5E /* Debug */,
				546754642953343A00EA7F5E /* Release */,
			);
			defaultConfigurationIsVisible = 0;
			defaultConfigurationName = Release;
		};
		546754652953343A00EA7F5E /* Build configuration list for PBXNativeTarget "A-PomodoroTests" */ = {
			isa = XCConfigurationList;
			buildConfigurations = (
				546754662953343A00EA7F5E /* Debug */,
				546754672953343A00EA7F5E /* Release */,
			);
			defaultConfigurationIsVisible = 0;
			defaultConfigurationName = Release;
		};
		546754682953343A00EA7F5E /* Build configuration list for PBXNativeTarget "A-PomodoroUITests" */ = {
			isa = XCConfigurationList;
			buildConfigurations = (
				546754692953343A00EA7F5E /* Debug */,
				5467546A2953343A00EA7F5E /* Release */,
			);
			defaultConfigurationIsVisible = 0;
			defaultConfigurationName = Release;
		};
		54A6999D29AEBF17007898C8 /* Build configuration list for PBXNativeTarget "RemainingWidgetExtension" */ = {
			isa = XCConfigurationList;
			buildConfigurations = (
				54A6999B29AEBF17007898C8 /* Debug */,
				54A6999C29AEBF17007898C8 /* Release */,
			);
			defaultConfigurationIsVisible = 0;
			defaultConfigurationName = Release;
		};
/* End XCConfigurationList section */

/* Begin XCVersionGroup section */
		5467543F2953343800EA7F5E /* A-Pomodoro.xcdatamodeld */ = {
			isa = XCVersionGroup;
			children = (
				546754402953343800EA7F5E /* A_Pomodoro.xcdatamodel */,
			);
			currentVersion = 546754402953343800EA7F5E /* A_Pomodoro.xcdatamodel */;
			path = "A-Pomodoro.xcdatamodeld";
			sourceTree = "<group>";
			versionGroupType = wrapper.xcdatamodel;
		};
/* End XCVersionGroup section */
	};
	rootObject = 546754302953343800EA7F5E /* Project object */;
}
